// !$*UTF8*$!
{
	archiveVersion = 1;
	classes = {
	};
	objectVersion = 55;
	objects = {

/* Begin PBXBuildFile section */
		E04C488E030F6A43052BFBE0 /* Pods_Demo.framework in Frameworks */ = {isa = PBXBuildFile; fileRef = 0A31BBFF7FE1C5D5A9E019DF /* Pods_Demo.framework */; };
		E7C2D98B28292AE100D2ACDE /* AppDelegate.swift in Sources */ = {isa = PBXBuildFile; fileRef = E7C2D98A28292AE100D2ACDE /* AppDelegate.swift */; };
		E7C2D98D28292AE100D2ACDE /* SceneDelegate.swift in Sources */ = {isa = PBXBuildFile; fileRef = E7C2D98C28292AE100D2ACDE /* SceneDelegate.swift */; };
		E7C2D98F28292AE100D2ACDE /* ViewController.swift in Sources */ = {isa = PBXBuildFile; fileRef = E7C2D98E28292AE100D2ACDE /* ViewController.swift */; };
		E7C2D99228292AE100D2ACDE /* Main.storyboard in Resources */ = {isa = PBXBuildFile; fileRef = E7C2D99028292AE100D2ACDE /* Main.storyboard */; };
		E7C2D99428292AE300D2ACDE /* Assets.xcassets in Resources */ = {isa = PBXBuildFile; fileRef = E7C2D99328292AE300D2ACDE /* Assets.xcassets */; };
		E7C2D99728292AE300D2ACDE /* LaunchScreen.storyboard in Resources */ = {isa = PBXBuildFile; fileRef = E7C2D99528292AE300D2ACDE /* LaunchScreen.storyboard */; };
		E7C2D9B528292BE000D2ACDE /* moduleUser.framework in Frameworks */ = {isa = PBXBuildFile; fileRef = E7C2D9B128292BE000D2ACDE /* moduleUser.framework */; };
		E7C2D9B628292BE000D2ACDE /* moduleH5.framework in Frameworks */ = {isa = PBXBuildFile; fileRef = E7C2D9B228292BE000D2ACDE /* moduleH5.framework */; };
		E7C2D9B728292BE000D2ACDE /* moduleUI.framework in Frameworks */ = {isa = PBXBuildFile; fileRef = E7C2D9B328292BE000D2ACDE /* moduleUI.framework */; };
		E7C2D9B828292BE000D2ACDE /* moduledframe.framework in Frameworks */ = {isa = PBXBuildFile; fileRef = E7C2D9B428292BE000D2ACDE /* moduledframe.framework */; };
		E7E5AB7E283F627200791900 /* INS_TestModuleH5ViewController.swift in Sources */ = {isa = PBXBuildFile; fileRef = E7E5AB7B283F627200791900 /* INS_TestModuleH5ViewController.swift */; };
		E7E5AB7F283F627200791900 /* INS_Test.swift in Sources */ = {isa = PBXBuildFile; fileRef = E7E5AB7D283F627200791900 /* INS_Test.swift */; };
		E7E5AB80283F637E00791900 /* moduleUI.framework in Resources */ = {isa = PBXBuildFile; fileRef = E7C2D9B328292BE000D2ACDE /* moduleUI.framework */; };
/* End PBXBuildFile section */

/* Begin PBXFileReference section */
		0A31BBFF7FE1C5D5A9E019DF /* Pods_Demo.framework */ = {isa = PBXFileReference; explicitFileType = wrapper.framework; includeInIndex = 0; path = Pods_Demo.framework; sourceTree = BUILT_PRODUCTS_DIR; };
		39B1CE358C7E190EF052F60C /* Pods-Demo.debug.xcconfig */ = {isa = PBXFileReference; includeInIndex = 1; lastKnownFileType = text.xcconfig; name = "Pods-Demo.debug.xcconfig"; path = "Target Support Files/Pods-Demo/Pods-Demo.debug.xcconfig"; sourceTree = "<group>"; };
		5E83F4D52C74A3FC0434E0F4 /* Pods-Demo.release.xcconfig */ = {isa = PBXFileReference; includeInIndex = 1; lastKnownFileType = text.xcconfig; name = "Pods-Demo.release.xcconfig"; path = "Target Support Files/Pods-Demo/Pods-Demo.release.xcconfig"; sourceTree = "<group>"; };
		E7C2D98728292AE100D2ACDE /* Demo.app */ = {isa = PBXFileReference; explicitFileType = wrapper.application; includeInIndex = 0; path = Demo.app; sourceTree = BUILT_PRODUCTS_DIR; };
		E7C2D98A28292AE100D2ACDE /* AppDelegate.swift */ = {isa = PBXFileReference; lastKnownFileType = sourcecode.swift; path = AppDelegate.swift; sourceTree = "<group>"; };
		E7C2D98C28292AE100D2ACDE /* SceneDelegate.swift */ = {isa = PBXFileReference; lastKnownFileType = sourcecode.swift; path = SceneDelegate.swift; sourceTree = "<group>"; };
		E7C2D98E28292AE100D2ACDE /* ViewController.swift */ = {isa = PBXFileReference; lastKnownFileType = sourcecode.swift; path = ViewController.swift; sourceTree = "<group>"; };
		E7C2D99128292AE100D2ACDE /* Base */ = {isa = PBXFileReference; lastKnownFileType = file.storyboard; name = Base; path = Base.lproj/Main.storyboard; sourceTree = "<group>"; };
		E7C2D99328292AE300D2ACDE /* Assets.xcassets */ = {isa = PBXFileReference; lastKnownFileType = folder.assetcatalog; path = Assets.xcassets; sourceTree = "<group>"; };
		E7C2D99628292AE300D2ACDE /* Base */ = {isa = PBXFileReference; lastKnownFileType = file.storyboard; name = Base; path = Base.lproj/LaunchScreen.storyboard; sourceTree = "<group>"; };
		E7C2D99828292AE300D2ACDE /* Info.plist */ = {isa = PBXFileReference; lastKnownFileType = text.plist.xml; path = Info.plist; sourceTree = "<group>"; };
		E7C2D9B128292BE000D2ACDE /* moduleUser.framework */ = {isa = PBXFileReference; lastKnownFileType = wrapper.framework; path = moduleUser.framework; sourceTree = "<group>"; };
		E7C2D9B228292BE000D2ACDE /* moduleH5.framework */ = {isa = PBXFileReference; lastKnownFileType = wrapper.framework; path = moduleH5.framework; sourceTree = "<group>"; };
		E7C2D9B328292BE000D2ACDE /* moduleUI.framework */ = {isa = PBXFileReference; lastKnownFileType = wrapper.framework; path = moduleUI.framework; sourceTree = "<group>"; };
		E7C2D9B428292BE000D2ACDE /* moduledframe.framework */ = {isa = PBXFileReference; lastKnownFileType = wrapper.framework; path = moduledframe.framework; sourceTree = "<group>"; };
		E7E5AB7B283F627200791900 /* INS_TestModuleH5ViewController.swift */ = {isa = PBXFileReference; fileEncoding = 4; lastKnownFileType = sourcecode.swift; path = INS_TestModuleH5ViewController.swift; sourceTree = "<group>"; };
		E7E5AB7D283F627200791900 /* INS_Test.swift */ = {isa = PBXFileReference; fileEncoding = 4; lastKnownFileType = sourcecode.swift; path = INS_Test.swift; sourceTree = "<group>"; };
/* End PBXFileReference section */

/* Begin PBXFrameworksBuildPhase section */
		E7C2D98428292AE100D2ACDE /* Frameworks */ = {
			isa = PBXFrameworksBuildPhase;
			buildActionMask = 2147483647;
			files = (
				E04C488E030F6A43052BFBE0 /* Pods_Demo.framework in Frameworks */,
				E7C2D9B628292BE000D2ACDE /* moduleH5.framework in Frameworks */,
				E7C2D9B828292BE000D2ACDE /* moduledframe.framework in Frameworks */,
				E7C2D9B728292BE000D2ACDE /* moduleUI.framework in Frameworks */,
				E7C2D9B528292BE000D2ACDE /* moduleUser.framework in Frameworks */,
			);
			runOnlyForDeploymentPostprocessing = 0;
		};
/* End PBXFrameworksBuildPhase section */

/* Begin PBXGroup section */
		4B40E85019D6A1EEB9166A7E /* Frameworks */ = {
			isa = PBXGroup;
			children = (
				0A31BBFF7FE1C5D5A9E019DF /* Pods_Demo.framework */,
			);
			name = Frameworks;
			sourceTree = "<group>";
		};
		AA358EF957280B77DB201023 /* Pods */ = {
			isa = PBXGroup;
			children = (
				39B1CE358C7E190EF052F60C /* Pods-Demo.debug.xcconfig */,
				5E83F4D52C74A3FC0434E0F4 /* Pods-Demo.release.xcconfig */,
			);
			path = Pods;
			sourceTree = "<group>";
		};
		E7C2D97E28292AE100D2ACDE = {
			isa = PBXGroup;
			children = (
				E7C2D98928292AE100D2ACDE /* Demo */,
				E7C2D98828292AE100D2ACDE /* Products */,
				AA358EF957280B77DB201023 /* Pods */,
				4B40E85019D6A1EEB9166A7E /* Frameworks */,
			);
			sourceTree = "<group>";
		};
		E7C2D98828292AE100D2ACDE /* Products */ = {
			isa = PBXGroup;
			children = (
				E7C2D98728292AE100D2ACDE /* Demo.app */,
			);
			name = Products;
			sourceTree = "<group>";
		};
		E7C2D98928292AE100D2ACDE /* Demo */ = {
			isa = PBXGroup;
			children = (
				E7C2D9B028292BE000D2ACDE /* Source */,
				E7C2D98A28292AE100D2ACDE /* AppDelegate.swift */,
				E7C2D98C28292AE100D2ACDE /* SceneDelegate.swift */,
				E7E5AB7C283F627200791900 /* moduledframeTest */,
				E7E5AB7A283F627200791900 /* moduleH5Test */,
				E7C2D98E28292AE100D2ACDE /* ViewController.swift */,
				E7C2D99028292AE100D2ACDE /* Main.storyboard */,
				E7C2D99328292AE300D2ACDE /* Assets.xcassets */,
				E7C2D99528292AE300D2ACDE /* LaunchScreen.storyboard */,
				E7C2D99828292AE300D2ACDE /* Info.plist */,
			);
			path = Demo;
			sourceTree = "<group>";
		};
		E7C2D9B028292BE000D2ACDE /* Source */ = {
			isa = PBXGroup;
			children = (
				E7C2D9B128292BE000D2ACDE /* moduleUser.framework */,
				E7C2D9B228292BE000D2ACDE /* moduleH5.framework */,
				E7C2D9B328292BE000D2ACDE /* moduleUI.framework */,
				E7C2D9B428292BE000D2ACDE /* moduledframe.framework */,
			);
			name = Source;
			path = ../../Source;
			sourceTree = "<group>";
		};
		E7E5AB7A283F627200791900 /* moduleH5Test */ = {
			isa = PBXGroup;
			children = (
				E7E5AB7B283F627200791900 /* INS_TestModuleH5ViewController.swift */,
			);
			path = moduleH5Test;
			sourceTree = "<group>";
		};
		E7E5AB7C283F627200791900 /* moduledframeTest */ = {
			isa = PBXGroup;
			children = (
				E7E5AB7D283F627200791900 /* INS_Test.swift */,
			);
			path = moduledframeTest;
			sourceTree = "<group>";
		};
/* End PBXGroup section */

/* Begin PBXNativeTarget section */
		E7C2D98628292AE100D2ACDE /* Demo */ = {
			isa = PBXNativeTarget;
			buildConfigurationList = E7C2D99B28292AE300D2ACDE /* Build configuration list for PBXNativeTarget "Demo" */;
			buildPhases = (
				FC415A31FF1E1E7C5F4E491E /* [CP] Check Pods Manifest.lock */,
				E7C2D98328292AE100D2ACDE /* Sources */,
				E7C2D98428292AE100D2ACDE /* Frameworks */,
				E7C2D98528292AE100D2ACDE /* Resources */,
				FA9AF1C4DB8C27D59BE730C3 /* [CP] Embed Pods Frameworks */,
			);
			buildRules = (
			);
			dependencies = (
			);
			name = Demo;
			productName = Demo;
			productReference = E7C2D98728292AE100D2ACDE /* Demo.app */;
			productType = "com.apple.product-type.application";
		};
/* End PBXNativeTarget section */

/* Begin PBXProject section */
		E7C2D97F28292AE100D2ACDE /* Project object */ = {
			isa = PBXProject;
			attributes = {
				BuildIndependentTargetsInParallel = 1;
				LastSwiftUpdateCheck = 1320;
				LastUpgradeCheck = 1320;
				TargetAttributes = {
					E7C2D98628292AE100D2ACDE = {
						CreatedOnToolsVersion = 13.2.1;
					};
				};
			};
			buildConfigurationList = E7C2D98228292AE100D2ACDE /* Build configuration list for PBXProject "Demo" */;
			compatibilityVersion = "Xcode 13.0";
			developmentRegion = en;
			hasScannedForEncodings = 0;
			knownRegions = (
				en,
				Base,
			);
			mainGroup = E7C2D97E28292AE100D2ACDE;
			productRefGroup = E7C2D98828292AE100D2ACDE /* Products */;
			projectDirPath = "";
			projectRoot = "";
			targets = (
				E7C2D98628292AE100D2ACDE /* Demo */,
			);
		};
/* End PBXProject section */

/* Begin PBXResourcesBuildPhase section */
		E7C2D98528292AE100D2ACDE /* Resources */ = {
			isa = PBXResourcesBuildPhase;
			buildActionMask = 2147483647;
			files = (
				E7E5AB80283F637E00791900 /* moduleUI.framework in Resources */,
				E7C2D99728292AE300D2ACDE /* LaunchScreen.storyboard in Resources */,
				E7C2D99428292AE300D2ACDE /* Assets.xcassets in Resources */,
				E7C2D99228292AE100D2ACDE /* Main.storyboard in Resources */,
			);
			runOnlyForDeploymentPostprocessing = 0;
		};
/* End PBXResourcesBuildPhase section */

/* Begin PBXShellScriptBuildPhase section */
		FA9AF1C4DB8C27D59BE730C3 /* [CP] Embed Pods Frameworks */ = {
			isa = PBXShellScriptBuildPhase;
			buildActionMask = 2147483647;
			files = (
			);
			inputFileListPaths = (
				"${PODS_ROOT}/Target Support Files/Pods-Demo/Pods-Demo-frameworks-${CONFIGURATION}-input-files.xcfilelist",
			);
			name = "[CP] Embed Pods Frameworks";
			outputFileListPaths = (
				"${PODS_ROOT}/Target Support Files/Pods-Demo/Pods-Demo-frameworks-${CONFIGURATION}-output-files.xcfilelist",
			);
			runOnlyForDeploymentPostprocessing = 0;
			shellPath = /bin/sh;
			shellScript = "\"${PODS_ROOT}/Target Support Files/Pods-Demo/Pods-Demo-frameworks.sh\"\n";
			showEnvVarsInLog = 0;
		};
		FC415A31FF1E1E7C5F4E491E /* [CP] Check Pods Manifest.lock */ = {
			isa = PBXShellScriptBuildPhase;
			buildActionMask = 2147483647;
			files = (
			);
			inputFileListPaths = (
			);
			inputPaths = (
				"${PODS_PODFILE_DIR_PATH}/Podfile.lock",
				"${PODS_ROOT}/Manifest.lock",
			);
			name = "[CP] Check Pods Manifest.lock";
			outputFileListPaths = (
			);
			outputPaths = (
				"$(DERIVED_FILE_DIR)/Pods-Demo-checkManifestLockResult.txt",
			);
			runOnlyForDeploymentPostprocessing = 0;
			shellPath = /bin/sh;
			shellScript = "diff \"${PODS_PODFILE_DIR_PATH}/Podfile.lock\" \"${PODS_ROOT}/Manifest.lock\" > /dev/null\nif [ $? != 0 ] ; then\n    # print error to STDERR\n    echo \"error: The sandbox is not in sync with the Podfile.lock. Run 'pod install' or update your CocoaPods installation.\" >&2\n    exit 1\nfi\n# This output is used by Xcode 'outputs' to avoid re-running this script phase.\necho \"SUCCESS\" > \"${SCRIPT_OUTPUT_FILE_0}\"\n";
			showEnvVarsInLog = 0;
		};
/* End PBXShellScriptBuildPhase section */

/* Begin PBXSourcesBuildPhase section */
		E7C2D98328292AE100D2ACDE /* Sources */ = {
			isa = PBXSourcesBuildPhase;
			buildActionMask = 2147483647;
			files = (
				E7E5AB7E283F627200791900 /* INS_TestModuleH5ViewController.swift in Sources */,
				E7C2D98F28292AE100D2ACDE /* ViewController.swift in Sources */,
				E7C2D98B28292AE100D2ACDE /* AppDelegate.swift in Sources */,
				E7E5AB7F283F627200791900 /* INS_Test.swift in Sources */,
				E7C2D98D28292AE100D2ACDE /* SceneDelegate.swift in Sources */,
			);
			runOnlyForDeploymentPostprocessing = 0;
		};
/* End PBXSourcesBuildPhase section */

/* Begin PBXVariantGroup section */
		E7C2D99028292AE100D2ACDE /* Main.storyboard */ = {
			isa = PBXVariantGroup;
			children = (
				E7C2D99128292AE100D2ACDE /* Base */,
			);
			name = Main.storyboard;
			sourceTree = "<group>";
		};
		E7C2D99528292AE300D2ACDE /* LaunchScreen.storyboard */ = {
			isa = PBXVariantGroup;
			children = (
				E7C2D99628292AE300D2ACDE /* Base */,
			);
			name = LaunchScreen.storyboard;
			sourceTree = "<group>";
		};
/* End PBXVariantGroup section */

/* Begin XCBuildConfiguration section */
		E7C2D99928292AE300D2ACDE /* Debug */ = {
			isa = XCBuildConfiguration;
			buildSettings = {
				ALWAYS_SEARCH_USER_PATHS = NO;
				CLANG_ANALYZER_NONNULL = YES;
				CLANG_ANALYZER_NUMBER_OBJECT_CONVERSION = YES_AGGRESSIVE;
				CLANG_CXX_LANGUAGE_STANDARD = "gnu++17";
				CLANG_CXX_LIBRARY = "libc++";
				CLANG_ENABLE_MODULES = YES;
				CLANG_ENABLE_OBJC_ARC = YES;
				CLANG_ENABLE_OBJC_WEAK = YES;
				CLANG_WARN_BLOCK_CAPTURE_AUTORELEASING = YES;
				CLANG_WARN_BOOL_CONVERSION = YES;
				CLANG_WARN_COMMA = YES;
				CLANG_WARN_CONSTANT_CONVERSION = YES;
				CLANG_WARN_DEPRECATED_OBJC_IMPLEMENTATIONS = YES;
				CLANG_WARN_DIRECT_OBJC_ISA_USAGE = YES_ERROR;
				CLANG_WARN_DOCUMENTATION_COMMENTS = YES;
				CLANG_WARN_EMPTY_BODY = YES;
				CLANG_WARN_ENUM_CONVERSION = YES;
				CLANG_WARN_INFINITE_RECURSION = YES;
				CLANG_WARN_INT_CONVERSION = YES;
				CLANG_WARN_NON_LITERAL_NULL_CONVERSION = YES;
				CLANG_WARN_OBJC_IMPLICIT_RETAIN_SELF = YES;
				CLANG_WARN_OBJC_LITERAL_CONVERSION = YES;
				CLANG_WARN_OBJC_ROOT_CLASS = YES_ERROR;
				CLANG_WARN_QUOTED_INCLUDE_IN_FRAMEWORK_HEADER = YES;
				CLANG_WARN_RANGE_LOOP_ANALYSIS = YES;
				CLANG_WARN_STRICT_PROTOTYPES = YES;
				CLANG_WARN_SUSPICIOUS_MOVE = YES;
				CLANG_WARN_UNGUARDED_AVAILABILITY = YES_AGGRESSIVE;
				CLANG_WARN_UNREACHABLE_CODE = YES;
				CLANG_WARN__DUPLICATE_METHOD_MATCH = YES;
				COPY_PHASE_STRIP = NO;
				DEBUG_INFORMATION_FORMAT = dwarf;
				ENABLE_STRICT_OBJC_MSGSEND = YES;
				ENABLE_TESTABILITY = YES;
				GCC_C_LANGUAGE_STANDARD = gnu11;
				GCC_DYNAMIC_NO_PIC = NO;
				GCC_NO_COMMON_BLOCKS = YES;
				GCC_OPTIMIZATION_LEVEL = 0;
				GCC_PREPROCESSOR_DEFINITIONS = (
					"DEBUG=1",
					"$(inherited)",
				);
				GCC_WARN_64_TO_32_BIT_CONVERSION = YES;
				GCC_WARN_ABOUT_RETURN_TYPE = YES_ERROR;
				GCC_WARN_UNDECLARED_SELECTOR = YES;
				GCC_WARN_UNINITIALIZED_AUTOS = YES_AGGRESSIVE;
				GCC_WARN_UNUSED_FUNCTION = YES;
				GCC_WARN_UNUSED_VARIABLE = YES;
				IPHONEOS_DEPLOYMENT_TARGET = 15.2;
				MTL_ENABLE_DEBUG_INFO = INCLUDE_SOURCE;
				MTL_FAST_MATH = YES;
				ONLY_ACTIVE_ARCH = YES;
				SDKROOT = iphoneos;
				SWIFT_ACTIVE_COMPILATION_CONDITIONS = DEBUG;
				SWIFT_OPTIMIZATION_LEVEL = "-Onone";
			};
			name = Debug;
		};
		E7C2D99A28292AE300D2ACDE /* Release */ = {
			isa = XCBuildConfiguration;
			buildSettings = {
				ALWAYS_SEARCH_USER_PATHS = NO;
				CLANG_ANALYZER_NONNULL = YES;
				CLANG_ANALYZER_NUMBER_OBJECT_CONVERSION = YES_AGGRESSIVE;
				CLANG_CXX_LANGUAGE_STANDARD = "gnu++17";
				CLANG_CXX_LIBRARY = "libc++";
				CLANG_ENABLE_MODULES = YES;
				CLANG_ENABLE_OBJC_ARC = YES;
				CLANG_ENABLE_OBJC_WEAK = YES;
				CLANG_WARN_BLOCK_CAPTURE_AUTORELEASING = YES;
				CLANG_WARN_BOOL_CONVERSION = YES;
				CLANG_WARN_COMMA = YES;
				CLANG_WARN_CONSTANT_CONVERSION = YES;
				CLANG_WARN_DEPRECATED_OBJC_IMPLEMENTATIONS = YES;
				CLANG_WARN_DIRECT_OBJC_ISA_USAGE = YES_ERROR;
				CLANG_WARN_DOCUMENTATION_COMMENTS = YES;
				CLANG_WARN_EMPTY_BODY = YES;
				CLANG_WARN_ENUM_CONVERSION = YES;
				CLANG_WARN_INFINITE_RECURSION = YES;
				CLANG_WARN_INT_CONVERSION = YES;
				CLANG_WARN_NON_LITERAL_NULL_CONVERSION = YES;
				CLANG_WARN_OBJC_IMPLICIT_RETAIN_SELF = YES;
				CLANG_WARN_OBJC_LITERAL_CONVERSION = YES;
				CLANG_WARN_OBJC_ROOT_CLASS = YES_ERROR;
				CLANG_WARN_QUOTED_INCLUDE_IN_FRAMEWORK_HEADER = YES;
				CLANG_WARN_RANGE_LOOP_ANALYSIS = YES;
				CLANG_WARN_STRICT_PROTOTYPES = YES;
				CLANG_WARN_SUSPICIOUS_MOVE = YES;
				CLANG_WARN_UNGUARDED_AVAILABILITY = YES_AGGRESSIVE;
				CLANG_WARN_UNREACHABLE_CODE = YES;
				CLANG_WARN__DUPLICATE_METHOD_MATCH = YES;
				COPY_PHASE_STRIP = NO;
				DEBUG_INFORMATION_FORMAT = "dwarf-with-dsym";
				ENABLE_NS_ASSERTIONS = NO;
				ENABLE_STRICT_OBJC_MSGSEND = YES;
				GCC_C_LANGUAGE_STANDARD = gnu11;
				GCC_NO_COMMON_BLOCKS = YES;
				GCC_WARN_64_TO_32_BIT_CONVERSION = YES;
				GCC_WARN_ABOUT_RETURN_TYPE = YES_ERROR;
				GCC_WARN_UNDECLARED_SELECTOR = YES;
				GCC_WARN_UNINITIALIZED_AUTOS = YES_AGGRESSIVE;
				GCC_WARN_UNUSED_FUNCTION = YES;
				GCC_WARN_UNUSED_VARIABLE = YES;
				IPHONEOS_DEPLOYMENT_TARGET = 15.2;
				MTL_ENABLE_DEBUG_INFO = NO;
				MTL_FAST_MATH = YES;
				SDKROOT = iphoneos;
				SWIFT_COMPILATION_MODE = wholemodule;
				SWIFT_OPTIMIZATION_LEVEL = "-O";
				VALIDATE_PRODUCT = YES;
			};
			name = Release;
		};
		E7C2D99C28292AE300D2ACDE /* Debug */ = {
			isa = XCBuildConfiguration;
			baseConfigurationReference = 39B1CE358C7E190EF052F60C /* Pods-Demo.debug.xcconfig */;
			buildSettings = {
				ASSETCATALOG_COMPILER_APPICON_NAME = AppIcon;
				ASSETCATALOG_COMPILER_GLOBAL_ACCENT_COLOR_NAME = AccentColor;
				CODE_SIGN_STYLE = Automatic;
				CURRENT_PROJECT_VERSION = 1;
				DEVELOPMENT_TEAM = X5UUQDGKJ9;
				FRAMEWORK_SEARCH_PATHS = (
					"$(PROJECT_DIR)/Demo/Source",
					"$(inherited)",
					"\"${PODS_CONFIGURATION_BUILD_DIR}/Alamofire\"",
					"\"${PODS_CONFIGURATION_BUILD_DIR}/Moya\"",
					"\"${PODS_CONFIGURATION_BUILD_DIR}/ObjectMapper\"",
					"\"${PODS_CONFIGURATION_BUILD_DIR}/RxSwift\"",
				);
				GENERATE_INFOPLIST_FILE = YES;
				INFOPLIST_FILE = Demo/Info.plist;
				INFOPLIST_KEY_UIApplicationSupportsIndirectInputEvents = YES;
				INFOPLIST_KEY_UILaunchStoryboardName = LaunchScreen;
				INFOPLIST_KEY_UIMainStoryboardFile = Main;
				INFOPLIST_KEY_UISupportedInterfaceOrientations_iPad = "UIInterfaceOrientationPortrait UIInterfaceOrientationPortraitUpsideDown UIInterfaceOrientationLandscapeLeft UIInterfaceOrientationLandscapeRight";
				INFOPLIST_KEY_UISupportedInterfaceOrientations_iPhone = "UIInterfaceOrientationPortrait UIInterfaceOrientationLandscapeLeft UIInterfaceOrientationLandscapeRight";
				IPHONEOS_DEPLOYMENT_TARGET = 13.0;
				LD_RUNPATH_SEARCH_PATHS = (
					"$(inherited)",
					"@executable_path/Frameworks",
				);
				MARKETING_VERSION = 1.0;
				OTHER_LDFLAGS = (
					"$(inherited)",
					"-framework",
					"\"Alamofire\"",
					"-framework",
					"\"CFNetwork\"",
					"-framework",
					"\"Foundation\"",
					"-framework",
					"\"Moya\"",
					"-framework",
					"\"ObjectMapper\"",
					"-framework",
					"\"RxSwift\"",
					"-framework",
					"\"SnapKit\"",
				);
				PRODUCT_BUNDLE_IDENTIFIER = com.insigma.Demo;
				PRODUCT_NAME = "$(TARGET_NAME)";
				SWIFT_EMIT_LOC_STRINGS = YES;
				SWIFT_INCLUDE_PATHS = "";
				SWIFT_VERSION = 5.0;
				TARGETED_DEVICE_FAMILY = "1,2";
			};
			name = Debug;
		};
		E7C2D99D28292AE300D2ACDE /* Release */ = {
			isa = XCBuildConfiguration;
			baseConfigurationReference = 5E83F4D52C74A3FC0434E0F4 /* Pods-Demo.release.xcconfig */;
			buildSettings = {
				ASSETCATALOG_COMPILER_APPICON_NAME = AppIcon;
				ASSETCATALOG_COMPILER_GLOBAL_ACCENT_COLOR_NAME = AccentColor;
				CODE_SIGN_STYLE = Automatic;
				CURRENT_PROJECT_VERSION = 1;
				DEVELOPMENT_TEAM = X5UUQDGKJ9;
				FRAMEWORK_SEARCH_PATHS = (
					"$(inherited)",
					"\"${PODS_CONFIGURATION_BUILD_DIR}/Alamofire\"",
					"\"${PODS_CONFIGURATION_BUILD_DIR}/Moya\"",
					"\"${PODS_CONFIGURATION_BUILD_DIR}/ObjectMapper\"",
					"\"${PODS_CONFIGURATION_BUILD_DIR}/RxSwift\"",
				);
				GENERATE_INFOPLIST_FILE = YES;
				INFOPLIST_FILE = Demo/Info.plist;
				INFOPLIST_KEY_UIApplicationSupportsIndirectInputEvents = YES;
				INFOPLIST_KEY_UILaunchStoryboardName = LaunchScreen;
				INFOPLIST_KEY_UIMainStoryboardFile = Main;
				INFOPLIST_KEY_UISupportedInterfaceOrientations_iPad = "UIInterfaceOrientationPortrait UIInterfaceOrientationPortraitUpsideDown UIInterfaceOrientationLandscapeLeft UIInterfaceOrientationLandscapeRight";
				INFOPLIST_KEY_UISupportedInterfaceOrientations_iPhone = "UIInterfaceOrientationPortrait UIInterfaceOrientationLandscapeLeft UIInterfaceOrientationLandscapeRight";
				IPHONEOS_DEPLOYMENT_TARGET = 13.0;
				LD_RUNPATH_SEARCH_PATHS = (
					"$(inherited)",
					"@executable_path/Frameworks",
				);
				MARKETING_VERSION = 1.0;
				OTHER_LDFLAGS = (
					"$(inherited)",
					"-framework",
					"\"Alamofire\"",
					"-framework",
					"\"CFNetwork\"",
					"-framework",
					"\"Foundation\"",
					"-framework",
					"\"Moya\"",
					"-framework",
					"\"ObjectMapper\"",
					"-framework",
					"\"RxSwift\"",
					"-framework",
					"\"SnapKit\"",
				);
				PRODUCT_BUNDLE_IDENTIFIER = com.insigma.Demo;
				PRODUCT_NAME = "$(TARGET_NAME)";
				SWIFT_EMIT_LOC_STRINGS = YES;
				SWIFT_INCLUDE_PATHS = "";
				SWIFT_VERSION = 5.0;
				TARGETED_DEVICE_FAMILY = "1,2";
			};
			name = Release;
		};
/* End XCBuildConfiguration section */

/* Begin XCConfigurationList section */
		E7C2D98228292AE100D2ACDE /* Build configuration list for PBXProject "Demo" */ = {
			isa = XCConfigurationList;
			buildConfigurations = (
				E7C2D99928292AE300D2ACDE /* Debug */,
				E7C2D99A28292AE300D2ACDE /* Release */,
			);
			defaultConfigurationIsVisible = 0;
			defaultConfigurationName = Release;
		};
		E7C2D99B28292AE300D2ACDE /* Build configuration list for PBXNativeTarget "Demo" */ = {
			isa = XCConfigurationList;
			buildConfigurations = (
				E7C2D99C28292AE300D2ACDE /* Debug */,
				E7C2D99D28292AE300D2ACDE /* Release */,
			);
			defaultConfigurationIsVisible = 0;
			defaultConfigurationName = Release;
		};
/* End XCConfigurationList section */
	};
	rootObject = E7C2D97F28292AE100D2ACDE /* Project object */;
}
