PODS:
  - Alamofire (5.6.1)
  - Moya/Core (15.0.0):
    - Alamofire (~> 5.0)
  - Moya/RxSwift (15.0.0):
    - Moya/Core
    - RxSwift (~> 6.0)
  - ObjectMapper (4.2.0)
  - RxSwift (6.5.0)
  - SnapKit (5.6.0)

DEPENDENCIES:
  - Alamofire (~> 5.6.1)
  - Moya/RxSwift (~> 15.0.0)
  - ObjectMapper (~> 4.2.0)
  - RxSwift (~> 6.5.0)
  - SnapKit (~> 5.6.0)

SPEC REPOS:
  trunk:
    - Alamofire
    - Moya
    - ObjectMapper
    - RxSwift
    - SnapKit

SPEC CHECKSUMS:
  Alamofire: 87bd8c952f9a4454320fce00d9cc3de57bcadaf5
  Moya: 138f0573e53411fb3dc17016add0b748dfbd78ee
  ObjectMapper: 1eb41f610210777375fa806bf161dc39fb832b81
  RxSwift: 5710a9e6b17f3c3d6e40d6e559b9fa1e813b2ef8
  SnapKit: e01d52ebb8ddbc333eefe2132acf85c8227d9c25

PODFILE CHECKSUM: 90f69a2c0cbc248a56f05e8c1228dd01fbd7d57c

COCOAPODS: 1.11.3
